<?xml version="1.0" encoding="utf-8"?>
<Project ToolsVersion="4.0" xmlns="http://schemas.microsoft.com/developer/msbuild/2003">
  <ItemGroup>
    <Filter Include="源文件">
      <UniqueIdentifier>{4FC737F1-C7A5-4376-A066-2A32D752A2FF}</UniqueIdentifier>
      <Extensions>cpp;c;cc;cxx;def;odl;idl;hpj;bat;asm;asmx</Extensions>
    </Filter>
    <Filter Include="头文件">
      <UniqueIdentifier>{93995380-89BD-4b04-88EB-625FBE52EBFB}</UniqueIdentifier>
      <Extensions>h;hh;hpp;hxx;hm;inl;inc;xsd</Extensions>
    </Filter>
    <Filter Include="资源文件">
      <UniqueIdentifier>{67DA6AB6-F800-4c08-8B7A-83BB121AAD01}</UniqueIdentifier>
      <Extensions>rc;ico;cur;bmp;dlg;rc2;rct;bin;rgs;gif;jpg;jpeg;jpe;resx;tiff;tif;png;wav;mfcribbon-ms</Extensions>
    </Filter>
  </ItemGroup>
  <ItemGroup>
    <ClCompile Include="main.cpp">
      <Filter>源文件</Filter>
    </ClCompile>
    <ClCompile Include="drawable.cpp">
      <Filter>源文件</Filter>
    </ClCompile>
    <ClCompile Include="balls.cpp">
      <Filter>源文件</Filter>
    </ClCompile>
    <ClCompile Include="game.cpp">
      <Filter>源文件</Filter>
    </ClCompile>
    <ClCompile Include="types.h">
      <Filter>头文件</Filter>
    </ClCompile>
    <ClCompile Include="edges.h">
      <Filter>头文件</Filter>
    </ClCompile>
    <ClCompile Include="collide.cpp">
      <Filter>源文件</Filter>
    </ClCompile>
    <ClCompile Include="type.cpp">
      <Filter>源文件</Filter>
    </ClCompile>
    <ClCompile Include="table.cpp">
      <Filter>源文件</Filter>
    </ClCompile>
    <ClCompile Include="table3DS.cpp">
      <Filter>源文件</Filter>
    </ClCompile>
    <ClCompile Include="drawString.cpp">
      <Filter>源文件</Filter>
    </ClCompile>
    <ClCompile Include="flag.cpp">
      <Filter>源文件</Filter>
    </ClCompile>
    <ClCompile Include="box.cpp">
      <Filter>源文件</Filter>
    </ClCompile>
    <ClCompile Include="texture.cpp">
      <Filter>源文件</Filter>
    </ClCompile>
    <ClCompile Include="noiseutils.cpp">
      <Filter>源文件</Filter>
    </ClCompile>
    <ClCompile Include="generator.cpp">
      <Filter>源文件</Filter>
    </ClCompile>
    <ClCompile Include="spark.cpp">
      <Filter>源文件</Filter>
    </ClCompile>
    <ClCompile Include="response.cpp">
      <Filter>源文件</Filter>
    </ClCompile>
  </ItemGroup>
  <ItemGroup>
    <ClInclude Include="drawable.h">
      <Filter>头文件</Filter>
    </ClInclude>
    <ClInclude Include="balls.h">
      <Filter>头文件</Filter>
    </ClInclude>
    <ClInclude Include="game.h">
      <Filter>头文件</Filter>
    </ClInclude>
    <ClInclude Include="table.h">
      <Filter>头文件</Filter>
    </ClInclude>
    <ClInclude Include="table3DS.h">
      <Filter>头文件</Filter>
    </ClInclude>
    <ClInclude Include="settings.h">
      <Filter>头文件</Filter>
    </ClInclude>
    <ClInclude Include="drawString.h">
      <Filter>头文件</Filter>
    </ClInclude>
    <ClInclude Include="flag.h">
      <Filter>头文件</Filter>
    </ClInclude>
    <ClInclude Include="box.h">
      <Filter>头文件</Filter>
    </ClInclude>
    <ClInclude Include="texture.h">
      <Filter>头文件</Filter>
    </ClInclude>
    <ClInclude Include="noiseutils.h">
      <Filter>头文件</Filter>
    </ClInclude>
    <ClInclude Include="generator.h">
      <Filter>头文件</Filter>
    </ClInclude>
    <ClInclude Include="consumable.h">
      <Filter>头文件</Filter>
    </ClInclude>
    <ClInclude Include="spark.h">
      <Filter>头文件</Filter>
    </ClInclude>
    <ClInclude Include="response.h">
      <Filter>头文件</Filter>
    </ClInclude>
  </ItemGroup>
  <ItemGroup>
    <Image Include="image\flag.jpg">
      <Filter>资源文件</Filter>
    </Image>
  </ItemGroup>
</Project>